
Microsoft Visual Studio Solution File, Format Version 12.00
# Visual Studio 14
VisualStudioVersion = 14.0.25123.0
MinimumVisualStudioVersion = 10.0.40219.1
Project("{FAE04EC0-301F-11D3-BF4B-00C04F79EFBC}") = "BookLibrary.ApplicationService", "BookLibrary.ApplicationService\BookLibrary.ApplicationService.csproj", "{95253CC1-E29F-4977-A47E-E2FD956EAF1C}"
EndProject
Project("{FAE04EC0-301F-11D3-BF4B-00C04F79EFBC}") = "BookLibrary.Core", "BookLibrary.Core\BookLibrary.Core.csproj", "{AE6CB151-5405-433A-9378-A02BEA4D93F9}"
EndProject
Project("{FAE04EC0-301F-11D3-BF4B-00C04F79EFBC}") = "BookLibrary.Domain", "BookLibrary.Domain\BookLibrary.Domain.csproj", "{D1418E2F-25C7-41BB-B705-7E5CFDB0B186}"
EndProject
Project("{FAE04EC0-301F-11D3-BF4B-00C04F79EFBC}") = "BookLibrary.IntegrationTests", "BookLibrary.IntegrationTests\BookLibrary.IntegrationTests.csproj", "{79D8F709-6ADB-4E64-94B4-C0980F88CA49}"
EndProject
Project("{FAE04EC0-301F-11D3-BF4B-00C04F79EFBC}") = "BookLibrary.Repository", "BookLibrary.Repository\BookLibrary.Repository.csproj", "{6B2FF2DC-A3CC-47D0-A397-F35833C377EF}"
EndProject
Project("{FAE04EC0-301F-11D3-BF4B-00C04F79EFBC}") = "Redis.Practice", "Redis.Practice\Redis.Practice.csproj", "{CEC2F910-B2AA-4566-A251-9CC5A92C304E}"
EndProject
Project("{FAE04EC0-301F-11D3-BF4B-00C04F79EFBC}") = "BookLibrary.QueryModelUpdater", "BookLibrary.QueryModelUpdater\BookLibrary.QueryModelUpdater.csproj", "{299B4F1A-5D1D-4848-A4C2-C0E9E1F03D69}"
EndProject
Project("{FAE04EC0-301F-11D3-BF4B-00C04F79EFBC}") = "BookLibrary.DomainModel", "BookLibrary.DomainModel\BookLibrary.DomainModel.csproj", "{D9A0F51C-7AEB-4844-AE54-260D14D87C95}"
EndProject
Project("{FAE04EC0-301F-11D3-BF4B-00C04F79EFBC}") = "BookLibrary.QueryModel", "BookLibrary.QueryModel\BookLibrary.QueryModel.csproj", "{2B3DEE42-9E17-42C8-ABBA-B064189E95B2}"
EndProject
Project("{FAE04EC0-301F-11D3-BF4B-00C04F79EFBC}") = "BookLibrary.QueryModelReader", "BookLibrary.QueryModelReader\BookLibrary.QueryModelReader.csproj", "{358CF0AD-582A-4DE2-BAF8-BD9DB5AF4FAE}"
EndProject
Global
	GlobalSection(SolutionConfigurationPlatforms) = preSolution
		Debug|Any CPU = Debug|Any CPU
		Release|Any CPU = Release|Any CPU
	EndGlobalSection
	GlobalSection(ProjectConfigurationPlatforms) = postSolution
		{95253CC1-E29F-4977-A47E-E2FD956EAF1C}.Debug|Any CPU.ActiveCfg = Debug|Any CPU
		{95253CC1-E29F-4977-A47E-E2FD956EAF1C}.Debug|Any CPU.Build.0 = Debug|Any CPU
		{95253CC1-E29F-4977-A47E-E2FD956EAF1C}.Release|Any CPU.ActiveCfg = Release|Any CPU
		{95253CC1-E29F-4977-A47E-E2FD956EAF1C}.Release|Any CPU.Build.0 = Release|Any CPU
		{AE6CB151-5405-433A-9378-A02BEA4D93F9}.Debug|Any CPU.ActiveCfg = Debug|Any CPU
		{AE6CB151-5405-433A-9378-A02BEA4D93F9}.Debug|Any CPU.Build.0 = Debug|Any CPU
		{AE6CB151-5405-433A-9378-A02BEA4D93F9}.Release|Any CPU.ActiveCfg = Release|Any CPU
		{AE6CB151-5405-433A-9378-A02BEA4D93F9}.Release|Any CPU.Build.0 = Release|Any CPU
		{D1418E2F-25C7-41BB-B705-7E5CFDB0B186}.Debug|Any CPU.ActiveCfg = Debug|Any CPU
		{D1418E2F-25C7-41BB-B705-7E5CFDB0B186}.Debug|Any CPU.Build.0 = Debug|Any CPU
		{D1418E2F-25C7-41BB-B705-7E5CFDB0B186}.Release|Any CPU.ActiveCfg = Release|Any CPU
		{D1418E2F-25C7-41BB-B705-7E5CFDB0B186}.Release|Any CPU.Build.0 = Release|Any CPU
		{79D8F709-6ADB-4E64-94B4-C0980F88CA49}.Debug|Any CPU.ActiveCfg = Debug|Any CPU
		{79D8F709-6ADB-4E64-94B4-C0980F88CA49}.Debug|Any CPU.Build.0 = Debug|Any CPU
		{79D8F709-6ADB-4E64-94B4-C0980F88CA49}.Release|Any CPU.ActiveCfg = Release|Any CPU
		{79D8F709-6ADB-4E64-94B4-C0980F88CA49}.Release|Any CPU.Build.0 = Release|Any CPU
		{6B2FF2DC-A3CC-47D0-A397-F35833C377EF}.Debug|Any CPU.ActiveCfg = Debug|Any CPU
		{6B2FF2DC-A3CC-47D0-A397-F35833C377EF}.Debug|Any CPU.Build.0 = Debug|Any CPU
		{6B2FF2DC-A3CC-47D0-A397-F35833C377EF}.Release|Any CPU.ActiveCfg = Release|Any CPU
		{6B2FF2DC-A3CC-47D0-A397-F35833C377EF}.Release|Any CPU.Build.0 = Release|Any CPU
		{CEC2F910-B2AA-4566-A251-9CC5A92C304E}.Debug|Any CPU.ActiveCfg = Debug|Any CPU
		{CEC2F910-B2AA-4566-A251-9CC5A92C304E}.Debug|Any CPU.Build.0 = Debug|Any CPU
		{CEC2F910-B2AA-4566-A251-9CC5A92C304E}.Release|Any CPU.ActiveCfg = Release|Any CPU
		{CEC2F910-B2AA-4566-A251-9CC5A92C304E}.Release|Any CPU.Build.0 = Release|Any CPU
		{299B4F1A-5D1D-4848-A4C2-C0E9E1F03D69}.Debug|Any CPU.ActiveCfg = Debug|Any CPU
		{299B4F1A-5D1D-4848-A4C2-C0E9E1F03D69}.Debug|Any CPU.Build.0 = Debug|Any CPU
		{299B4F1A-5D1D-4848-A4C2-C0E9E1F03D69}.Release|Any CPU.ActiveCfg = Release|Any CPU
		{299B4F1A-5D1D-4848-A4C2-C0E9E1F03D69}.Release|Any CPU.Build.0 = Release|Any CPU
		{D9A0F51C-7AEB-4844-AE54-260D14D87C95}.Debug|Any CPU.ActiveCfg = Debug|Any CPU
		{D9A0F51C-7AEB-4844-AE54-260D14D87C95}.Debug|Any CPU.Build.0 = Debug|Any CPU
		{D9A0F51C-7AEB-4844-AE54-260D14D87C95}.Release|Any CPU.ActiveCfg = Release|Any CPU
		{D9A0F51C-7AEB-4844-AE54-260D14D87C95}.Release|Any CPU.Build.0 = Release|Any CPU
		{2B3DEE42-9E17-42C8-ABBA-B064189E95B2}.Debug|Any CPU.ActiveCfg = Debug|Any CPU
		{2B3DEE42-9E17-42C8-ABBA-B064189E95B2}.Debug|Any CPU.Build.0 = Debug|Any CPU
		{2B3DEE42-9E17-42C8-ABBA-B064189E95B2}.Release|Any CPU.ActiveCfg = Release|Any CPU
		{2B3DEE42-9E17-42C8-ABBA-B064189E95B2}.Release|Any CPU.Build.0 = Release|Any CPU
		{358CF0AD-582A-4DE2-BAF8-BD9DB5AF4FAE}.Debug|Any CPU.ActiveCfg = Debug|Any CPU
		{358CF0AD-582A-4DE2-BAF8-BD9DB5AF4FAE}.Debug|Any CPU.Build.0 = Debug|Any CPU
		{358CF0AD-582A-4DE2-BAF8-BD9DB5AF4FAE}.Release|Any CPU.ActiveCfg = Release|Any CPU
		{358CF0AD-582A-4DE2-BAF8-BD9DB5AF4FAE}.Release|Any CPU.Build.0 = Release|Any CPU
	EndGlobalSection
	GlobalSection(SolutionProperties) = preSolution
		HideSolutionNode = FALSE
	EndGlobalSection
EndGlobal
